// !$*UTF8*$!
{
	archiveVersion = 1;
	classes = {
	};
	objectVersion = 46;
	objects = {

/* Begin PBXBuildFile section */
		127995051E824FE80005CE35 /* AppDelegate.swift in Sources */ = {isa = PBXBuildFile; fileRef = 127995041E824FE80005CE35 /* AppDelegate.swift */; };
		127995071E824FE80005CE35 /* MoviesViewController.swift in Sources */ = {isa = PBXBuildFile; fileRef = 127995061E824FE80005CE35 /* MoviesViewController.swift */; };
		1279950A1E824FE90005CE35 /* Main.storyboard in Resources */ = {isa = PBXBuildFile; fileRef = 127995081E824FE90005CE35 /* Main.storyboard */; };
		1279950C1E824FE90005CE35 /* Assets.xcassets in Resources */ = {isa = PBXBuildFile; fileRef = 1279950B1E824FE90005CE35 /* Assets.xcassets */; };
		1279950F1E824FE90005CE35 /* LaunchScreen.storyboard in Resources */ = {isa = PBXBuildFile; fileRef = 1279950D1E824FE90005CE35 /* LaunchScreen.storyboard */; };
		127995171E83319A0005CE35 /* MoviesTableViewCell.swift in Sources */ = {isa = PBXBuildFile; fileRef = 127995161E83319A0005CE35 /* MoviesTableViewCell.swift */; };
		1279951D1E83360B0005CE35 /* Movies.swift in Sources */ = {isa = PBXBuildFile; fileRef = 1279951C1E83360B0005CE35 /* Movies.swift */; };
		127995211E838C710005CE35 /* MovieDetailViewController.swift in Sources */ = {isa = PBXBuildFile; fileRef = 127995201E838C710005CE35 /* MovieDetailViewController.swift */; };
		ED7DE9C459B2B7DA15CBE711 /* Pods_MovieViewer.framework in Frameworks */ = {isa = PBXBuildFile; fileRef = 8E40D296E9CD6E560BA9F8EE /* Pods_MovieViewer.framework */; };
/* End PBXBuildFile section */

/* Begin PBXFileReference section */
		127995011E824FE80005CE35 /* MovieViewer.app */ = {isa = PBXFileReference; explicitFileType = wrapper.application; includeInIndex = 0; path = MovieViewer.app; sourceTree = BUILT_PRODUCTS_DIR; };
		127995041E824FE80005CE35 /* AppDelegate.swift */ = {isa = PBXFileReference; lastKnownFileType = sourcecode.swift; path = AppDelegate.swift; sourceTree = "<group>"; };
		127995061E824FE80005CE35 /* MoviesViewController.swift */ = {isa = PBXFileReference; lastKnownFileType = sourcecode.swift; path = MoviesViewController.swift; sourceTree = "<group>"; };
		127995091E824FE90005CE35 /* Base */ = {isa = PBXFileReference; lastKnownFileType = file.storyboard; name = Base; path = Base.lproj/Main.storyboard; sourceTree = "<group>"; };
		1279950B1E824FE90005CE35 /* Assets.xcassets */ = {isa = PBXFileReference; lastKnownFileType = folder.assetcatalog; path = Assets.xcassets; sourceTree = "<group>"; };
		1279950E1E824FE90005CE35 /* Base */ = {isa = PBXFileReference; lastKnownFileType = file.storyboard; name = Base; path = Base.lproj/LaunchScreen.storyboard; sourceTree = "<group>"; };
		127995101E824FE90005CE35 /* Info.plist */ = {isa = PBXFileReference; lastKnownFileType = text.plist.xml; path = Info.plist; sourceTree = "<group>"; };
		127995161E83319A0005CE35 /* MoviesTableViewCell.swift */ = {isa = PBXFileReference; fileEncoding = 4; lastKnownFileType = sourcecode.swift; path = MoviesTableViewCell.swift; sourceTree = "<group>"; };
		1279951C1E83360B0005CE35 /* Movies.swift */ = {isa = PBXFileReference; fileEncoding = 4; lastKnownFileType = sourcecode.swift; path = Movies.swift; sourceTree = "<group>"; };
		127995201E838C710005CE35 /* MovieDetailViewController.swift */ = {isa = PBXFileReference; fileEncoding = 4; lastKnownFileType = sourcecode.swift; path = MovieDetailViewController.swift; sourceTree = "<group>"; };
		6DB8847F35D459765600219D /* Pods-MovieViewer.release.xcconfig */ = {isa = PBXFileReference; includeInIndex = 1; lastKnownFileType = text.xcconfig; name = "Pods-MovieViewer.release.xcconfig"; path = "Pods/Target Support Files/Pods-MovieViewer/Pods-MovieViewer.release.xcconfig"; sourceTree = "<group>"; };
		8E40D296E9CD6E560BA9F8EE /* Pods_MovieViewer.framework */ = {isa = PBXFileReference; explicitFileType = wrapper.framework; includeInIndex = 0; path = Pods_MovieViewer.framework; sourceTree = BUILT_PRODUCTS_DIR; };
		9417FA3896FA8D613A065E50 /* Pods-MovieViewer.debug.xcconfig */ = {isa = PBXFileReference; includeInIndex = 1; lastKnownFileType = text.xcconfig; name = "Pods-MovieViewer.debug.xcconfig"; path = "Pods/Target Support Files/Pods-MovieViewer/Pods-MovieViewer.debug.xcconfig"; sourceTree = "<group>"; };
/* End PBXFileReference section */

/* Begin PBXFrameworksBuildPhase section */
		127994FE1E824FE80005CE35 /* Frameworks */ = {
			isa = PBXFrameworksBuildPhase;
			buildActionMask = 2147483647;
			files = (
				ED7DE9C459B2B7DA15CBE711 /* Pods_MovieViewer.framework in Frameworks */,
			);
			runOnlyForDeploymentPostprocessing = 0;
		};
/* End PBXFrameworksBuildPhase section */

/* Begin PBXGroup section */
		127994F81E824FE70005CE35 = {
			isa = PBXGroup;
			children = (
				127995031E824FE80005CE35 /* MovieViewer */,
				127995021E824FE80005CE35 /* Products */,
				369B8C1598E67B67188B6273 /* Pods */,
				2D7C7933CF24EFA0780B8A6B /* Frameworks */,
			);
			sourceTree = "<group>";
		};
		127995021E824FE80005CE35 /* Products */ = {
			isa = PBXGroup;
			children = (
				127995011E824FE80005CE35 /* MovieViewer.app */,
			);
			name = Products;
			sourceTree = "<group>";
		};
		127995031E824FE80005CE35 /* MovieViewer */ = {
			isa = PBXGroup;
			children = (
				127995181E8332110005CE35 /* Models */,
				1279951A1E83321D0005CE35 /* Views */,
				127995191E8332170005CE35 /* View Controllers */,
				127995041E824FE80005CE35 /* AppDelegate.swift */,
				127995081E824FE90005CE35 /* Main.storyboard */,
				1279950B1E824FE90005CE35 /* Assets.xcassets */,
				1279950D1E824FE90005CE35 /* LaunchScreen.storyboard */,
				127995101E824FE90005CE35 /* Info.plist */,
			);
			path = MovieViewer;
			sourceTree = "<group>";
		};
		127995181E8332110005CE35 /* Models */ = {
			isa = PBXGroup;
			children = (
				1279951C1E83360B0005CE35 /* Movies.swift */,
			);
			name = Models;
			sourceTree = "<group>";
		};
		127995191E8332170005CE35 /* View Controllers */ = {
			isa = PBXGroup;
			children = (
				127995061E824FE80005CE35 /* MoviesViewController.swift */,
				127995201E838C710005CE35 /* MovieDetailViewController.swift */,
			);
			name = "View Controllers";
			sourceTree = "<group>";
		};
		1279951A1E83321D0005CE35 /* Views */ = {
			isa = PBXGroup;
			children = (
				127995161E83319A0005CE35 /* MoviesTableViewCell.swift */,
			);
			name = Views;
			sourceTree = "<group>";
		};
		2D7C7933CF24EFA0780B8A6B /* Frameworks */ = {
			isa = PBXGroup;
			children = (
				8E40D296E9CD6E560BA9F8EE /* Pods_MovieViewer.framework */,
			);
			name = Frameworks;
			sourceTree = "<group>";
		};
		369B8C1598E67B67188B6273 /* Pods */ = {
			isa = PBXGroup;
			children = (
				9417FA3896FA8D613A065E50 /* Pods-MovieViewer.debug.xcconfig */,
				6DB8847F35D459765600219D /* Pods-MovieViewer.release.xcconfig */,
			);
			name = Pods;
			sourceTree = "<group>";
		};
/* End PBXGroup section */

/* Begin PBXNativeTarget section */
		127995001E824FE80005CE35 /* MovieViewer */ = {
			isa = PBXNativeTarget;
			buildConfigurationList = 127995131E824FE90005CE35 /* Build configuration list for PBXNativeTarget "MovieViewer" */;
			buildPhases = (
				58F86A07851B49716900B84B /* [CP] Check Pods Manifest.lock */,
				127994FD1E824FE80005CE35 /* Sources */,
				127994FE1E824FE80005CE35 /* Frameworks */,
				127994FF1E824FE80005CE35 /* Resources */,
				F12112A8CDE4AF2A5208FB17 /* [CP] Embed Pods Frameworks */,
				A8686930E11CE14378AC29B5 /* [CP] Copy Pods Resources */,
			);
			buildRules = (
			);
			dependencies = (
			);
			name = MovieViewer;
			productName = MovieViewer;
			productReference = 127995011E824FE80005CE35 /* MovieViewer.app */;
			productType = "com.apple.product-type.application";
		};
/* End PBXNativeTarget section */

/* Begin PBXProject section */
		127994F91E824FE70005CE35 /* Project object */ = {
			isa = PBXProject;
			attributes = {
				LastSwiftUpdateCheck = 0820;
				LastUpgradeCheck = 0820;
				ORGANIZATIONNAME = djku;
				TargetAttributes = {
					127995001E824FE80005CE35 = {
						CreatedOnToolsVersion = 8.2.1;
						DevelopmentTeam = J7EDPJR4N6;
						ProvisioningStyle = Automatic;
					};
				};
			};
			buildConfigurationList = 127994FC1E824FE70005CE35 /* Build configuration list for PBXProject "MovieViewer" */;
			compatibilityVersion = "Xcode 3.2";
			developmentRegion = English;
			hasScannedForEncodings = 0;
			knownRegions = (
				en,
				Base,
			);
			mainGroup = 127994F81E824FE70005CE35;
			productRefGroup = 127995021E824FE80005CE35 /* Products */;
			projectDirPath = "";
			projectRoot = "";
			targets = (
				127995001E824FE80005CE35 /* MovieViewer */,
			);
		};
/* End PBXProject section */

/* Begin PBXResourcesBuildPhase section */
		127994FF1E824FE80005CE35 /* Resources */ = {
			isa = PBXResourcesBuildPhase;
			buildActionMask = 2147483647;
			files = (
				1279950F1E824FE90005CE35 /* LaunchScreen.storyboard in Resources */,
				1279950C1E824FE90005CE35 /* Assets.xcassets in Resources */,
				1279950A1E824FE90005CE35 /* Main.storyboard in Resources */,
			);
			runOnlyForDeploymentPostprocessing = 0;
		};
/* End PBXResourcesBuildPhase section */

/* Begin PBXShellScriptBuildPhase section */
		58F86A07851B49716900B84B /* [CP] Check Pods Manifest.lock */ = {
			isa = PBXShellScriptBuildPhase;
			buildActionMask = 2147483647;
			files = (
			);
			inputPaths = (
			);
			name = "[CP] Check Pods Manifest.lock";
			outputPaths = (
			);
			runOnlyForDeploymentPostprocessing = 0;
			shellPath = /bin/sh;
			shellScript = "diff \"${PODS_ROOT}/../Podfile.lock\" \"${PODS_ROOT}/Manifest.lock\" > /dev/null\nif [ $? != 0 ] ; then\n    # print error to STDERR\n    echo \"error: The sandbox is not in sync with the Podfile.lock. Run 'pod install' or update your CocoaPods installation.\" >&2\n    exit 1\nfi\n";
			showEnvVarsInLog = 0;
		};
		A8686930E11CE14378AC29B5 /* [CP] Copy Pods Resources */ = {
			isa = PBXShellScriptBuildPhase;
			buildActionMask = 2147483647;
			files = (
			);
			inputPaths = (
			);
			name = "[CP] Copy Pods Resources";
			outputPaths = (
			);
			runOnlyForDeploymentPostprocessing = 0;
			shellPath = /bin/sh;
			shellScript = "\"${SRCROOT}/Pods/Target Support Files/Pods-MovieViewer/Pods-MovieViewer-resources.sh\"\n";
			showEnvVarsInLog = 0;
		};
		F12112A8CDE4AF2A5208FB17 /* [CP] Embed Pods Frameworks */ = {
			isa = PBXShellScriptBuildPhase;
			buildActionMask = 2147483647;
			files = (
			);
			inputPaths = (
			);
			name = "[CP] Embed Pods Frameworks";
			outputPaths = (
			);
			runOnlyForDeploymentPostprocessing = 0;
			shellPath = /bin/sh;
			shellScript = "\"${SRCROOT}/Pods/Target Support Files/Pods-MovieViewer/Pods-MovieViewer-frameworks.sh\"\n";
			showEnvVarsInLog = 0;
		};
/* End PBXShellScriptBuildPhase section */

/* Begin PBXSourcesBuildPhase section */
		127994FD1E824FE80005CE35 /* Sources */ = {
			isa = PBXSourcesBuildPhase;
			buildActionMask = 2147483647;
			files = (
				127995171E83319A0005CE35 /* MoviesTableViewCell.swift in Sources */,
				127995211E838C710005CE35 /* MovieDetailViewController.swift in Sources */,
				127995071E824FE80005CE35 /* MoviesViewController.swift in Sources */,
				1279951D1E83360B0005CE35 /* Movies.swift in Sources */,
				127995051E824FE80005CE35 /* AppDelegate.swift in Sources */,
			);
			runOnlyForDeploymentPostprocessing = 0;
		};
/* End PBXSourcesBuildPhase section */

/* Begin PBXVariantGroup section */
		127995081E824FE90005CE35 /* Main.storyboard */ = {
			isa = PBXVariantGroup;
			children = (
				127995091E824FE90005CE35 /* Base */,
			);
			name = Main.storyboard;
			sourceTree = "<group>";
		};
		1279950D1E824FE90005CE35 /* LaunchScreen.storyboard */ = {
			isa = PBXVariantGroup;
			children = (
				1279950E1E824FE90005CE35 /* Base */,
			);
			name = LaunchScreen.storyboard;
			sourceTree = "<group>";
		};
/* End PBXVariantGroup section */

/* Begin XCBuildConfiguration section */
		127995111E824FE90005CE35 /* Debug */ = {
			isa = XCBuildConfiguration;
			buildSettings = {
				ALWAYS_SEARCH_USER_PATHS = NO;
				CLANG_ANALYZER_NONNULL = YES;
				CLANG_CXX_LANGUAGE_STANDARD = "gnu++0x";
				CLANG_CXX_LIBRARY = "libc++";
				CLANG_ENABLE_MODULES = YES;
				CLANG_ENABLE_OBJC_ARC = YES;
				CLANG_WARN_BOOL_CONVERSION = YES;
				CLANG_WARN_CONSTANT_CONVERSION = YES;
				CLANG_WARN_DIRECT_OBJC_ISA_USAGE = YES_ERROR;
				CLANG_WARN_DOCUMENTATION_COMMENTS = YES;
				CLANG_WARN_EMPTY_BODY = YES;
				CLANG_WARN_ENUM_CONVERSION = YES;
				CLANG_WARN_INFINITE_RECURSION = YES;
				CLANG_WARN_INT_CONVERSION = YES;
				CLANG_WARN_OBJC_ROOT_CLASS = YES_ERROR;
				CLANG_WARN_SUSPICIOUS_MOVE = YES;
				CLANG_WARN_UNREACHABLE_CODE = YES;
				CLANG_WARN__DUPLICATE_METHOD_MATCH = YES;
				"CODE_SIGN_IDENTITY[sdk=iphoneos*]" = "iPhone Developer";
				COPY_PHASE_STRIP = NO;
				DEBUG_INFORMATION_FORMAT = dwarf;
				ENABLE_STRICT_OBJC_MSGSEND = YES;
				ENABLE_TESTABILITY = YES;
				GCC_C_LANGUAGE_STANDARD = gnu99;
				GCC_DYNAMIC_NO_PIC = NO;
				GCC_NO_COMMON_BLOCKS = YES;
				GCC_OPTIMIZATION_LEVEL = 0;
				GCC_PREPROCESSOR_DEFINITIONS = (
					"DEBUG=1",
					"$(inherited)",
				);
				GCC_WARN_64_TO_32_BIT_CONVERSION = YES;
				GCC_WARN_ABOUT_RETURN_TYPE = YES_ERROR;
				GCC_WARN_UNDECLARED_SELECTOR = YES;
				GCC_WARN_UNINITIALIZED_AUTOS = YES_AGGRESSIVE;
				GCC_WARN_UNUSED_FUNCTION = YES;
				GCC_WARN_UNUSED_VARIABLE = YES;
				IPHONEOS_DEPLOYMENT_TARGET = 10.2;
				MTL_ENABLE_DEBUG_INFO = YES;
				ONLY_ACTIVE_ARCH = YES;
				SDKROOT = iphoneos;
				SWIFT_ACTIVE_COMPILATION_CONDITIONS = DEBUG;
				SWIFT_OPTIMIZATION_LEVEL = "-Onone";
			};
			name = Debug;
		};
		127995121E824FE90005CE35 /* Release */ = {
			isa = XCBuildConfiguration;
			buildSettings = {
				ALWAYS_SEARCH_USER_PATHS = NO;
				CLANG_ANALYZER_NONNULL = YES;
				CLANG_CXX_LANGUAGE_STANDARD = "gnu++0x";
				CLANG_CXX_LIBRARY = "libc++";
				CLANG_ENABLE_MODULES = YES;
				CLANG_ENABLE_OBJC_ARC = YES;
				CLANG_WARN_BOOL_CONVERSION = YES;
				CLANG_WARN_CONSTANT_CONVERSION = YES;
				CLANG_WARN_DIRECT_OBJC_ISA_USAGE = YES_ERROR;
				CLANG_WARN_DOCUMENTATION_COMMENTS = YES;
				CLANG_WARN_EMPTY_BODY = YES;
				CLANG_WARN_ENUM_CONVERSION = YES;
				CLANG_WARN_INFINITE_RECURSION = YES;
				CLANG_WARN_INT_CONVERSION = YES;
				CLANG_WARN_OBJC_ROOT_CLASS = YES_ERROR;
				CLANG_WARN_SUSPICIOUS_MOVE = YES;
				CLANG_WARN_UNREACHABLE_CODE = YES;
				CLANG_WARN__DUPLICATE_METHOD_MATCH = YES;
				"CODE_SIGN_IDENTITY[sdk=iphoneos*]" = "iPhone Developer";
				COPY_PHASE_STRIP = NO;
				DEBUG_INFORMATION_FORMAT = "dwarf-with-dsym";
				ENABLE_NS_ASSERTIONS = NO;
				ENABLE_STRICT_OBJC_MSGSEND = YES;
				GCC_C_LANGUAGE_STANDARD = gnu99;
				GCC_NO_COMMON_BLOCKS = YES;
				GCC_WARN_64_TO_32_BIT_CONVERSION = YES;
				GCC_WARN_ABOUT_RETURN_TYPE = YES_ERROR;
				GCC_WARN_UNDECLARED_SELECTOR = YES;
				GCC_WARN_UNINITIALIZED_AUTOS = YES_AGGRESSIVE;
				GCC_WARN_UNUSED_FUNCTION = YES;
				GCC_WARN_UNUSED_VARIABLE = YES;
				IPHONEOS_DEPLOYMENT_TARGET = 10.2;
				MTL_ENABLE_DEBUG_INFO = NO;
				SDKROOT = iphoneos;
				SWIFT_OPTIMIZATION_LEVEL = "-Owholemodule";
				VALIDATE_PRODUCT = YES;
			};
			name = Release;
		};
		127995141E824FE90005CE35 /* Debug */ = {
			isa = XCBuildConfiguration;
			baseConfigurationReference = 9417FA3896FA8D613A065E50 /* Pods-MovieViewer.debug.xcconfig */;
			buildSettings = {
				ALWAYS_EMBED_SWIFT_STANDARD_LIBRARIES = YES;
				ASSETCATALOG_COMPILER_APPICON_NAME = AppIcon;
				DEVELOPMENT_TEAM = J7EDPJR4N6;
				INFOPLIST_FILE = MovieViewer/Info.plist;
				LD_RUNPATH_SEARCH_PATHS = "$(inherited) @executable_path/Frameworks";
				PRODUCT_BUNDLE_IDENTIFIER = com.djku.MovieViewer;
				PRODUCT_NAME = "$(TARGET_NAME)";
				SWIFT_VERSION = 3.0;
			};
			name = Debug;
		};
		127995151E824FE90005CE35 /* Release */ = {
			isa = XCBuildConfiguration;
			baseConfigurationReference = 6DB8847F35D459765600219D /* Pods-MovieViewer.release.xcconfig */;
			buildSettings = {
				ALWAYS_EMBED_SWIFT_STANDARD_LIBRARIES = YES;
				ASSETCATALOG_COMPILER_APPICON_NAME = AppIcon;
				DEVELOPMENT_TEAM = J7EDPJR4N6;
				INFOPLIST_FILE = MovieViewer/Info.plist;
				LD_RUNPATH_SEARCH_PATHS = "$(inherited) @executable_path/Frameworks";
				PRODUCT_BUNDLE_IDENTIFIER = com.djku.MovieViewer;
				PRODUCT_NAME = "$(TARGET_NAME)";
				SWIFT_VERSION = 3.0;
			};
			name = Release;
		};
/* End XCBuildConfiguration section */

/* Begin XCConfigurationList section */
		127994FC1E824FE70005CE35 /* Build configuration list for PBXProject "MovieViewer" */ = {
			isa = XCConfigurationList;
			buildConfigurations = (
				127995111E824FE90005CE35 /* Debug */,
				127995121E824FE90005CE35 /* Release */,
			);
			defaultConfigurationIsVisible = 0;
			defaultConfigurationName = Release;
		};
		127995131E824FE90005CE35 /* Build configuration list for PBXNativeTarget "MovieViewer" */ = {
			isa = XCConfigurationList;
			buildConfigurations = (
				127995141E824FE90005CE35 /* Debug */,
				127995151E824FE90005CE35 /* Release */,
			);
			defaultConfigurationIsVisible = 0;
			defaultConfigurationName = Release;
		};
/* End XCConfigurationList section */
	};
	rootObject = 127994F91E824FE70005CE35 /* Project object */;
}
